Microsoft Visual Studio Solution File, Format Version 11.00
# Visual Studio 2008

Project("{1CAFECDC-D6E5-8DAD-9625-8FAB825AAFE1}") = "ConceptGame", "Assembly-CSharp.csproj", "{5C7E466C-2E21-C88D-4E1B-2F858ADEF51D}"
EndProject
Global
	GlobalSection(SolutionConfigurationPlatforms) = preSolution
		Debug|Any CPU = Debug|Any CPU
		Release|Any CPU = Release|Any CPU
	EndGlobalSection
	GlobalSection(ProjectConfigurationPlatforms) = postSolution
		{5C7E466C-2E21-C88D-4E1B-2F858ADEF51D}.Debug|Any CPU.ActiveCfg = Debug|Any CPU
		{5C7E466C-2E21-C88D-4E1B-2F858ADEF51D}.Debug|Any CPU.Build.0 = Debug|Any CPU
		{5C7E466C-2E21-C88D-4E1B-2F858ADEF51D}.Release|Any CPU.ActiveCfg = Release|Any CPU
		{5C7E466C-2E21-C88D-4E1B-2F858ADEF51D}.Release|Any CPU.Build.0 = Release|Any CPU
	EndGlobalSection
	GlobalSection(SolutionProperties) = preSolution
		HideSolutionNode = FALSE
	EndGlobalSection
	GlobalSection(MonoDevelopProperties) = preSolution
		StartupItem = Assembly-CSharp.csproj
	EndGlobalSection
EndGlobal
